
Microsoft Visual Studio Solution File, Format Version 12.00
# Visual Studio 15
VisualStudioVersion = 15.0.26124.0
MinimumVisualStudioVersion = 15.0.26124.0
Project("{FAE04EC0-301F-11D3-BF4B-00C04F79EFBC}") = "Avocado.Domain", "Avocado.Domain\Avocado.Domain.csproj", "{D50905AC-9887-43D7-BA34-0330106B3874}"
EndProject
Project("{FAE04EC0-301F-11D3-BF4B-00C04F79EFBC}") = "Avocado.Infrastructure", "Avocado.Infrastructure\Avocado.Infrastructure.csproj", "{9C19D668-0B75-4C0A-911A-A601CCCD7FA8}"
EndProject
Project("{FAE04EC0-301F-11D3-BF4B-00C04F79EFBC}") = "Avocado.Test", "Avocado.Test\Avocado.Test.csproj", "{3FFEC124-0A7C-4844-A121-F42B03BBA54F}"
EndProject
Project("{FAE04EC0-301F-11D3-BF4B-00C04F79EFBC}") = "Avocado.Web", "Avocado.Web\Avocado.Web.csproj", "{D168E46C-17CA-4E6D-98E6-E96E9896405E}"
EndProject
Global
	GlobalSection(SolutionConfigurationPlatforms) = preSolution
		Debug|Any CPU = Debug|Any CPU
		Debug|x64 = Debug|x64
		Debug|x86 = Debug|x86
		Release|Any CPU = Release|Any CPU
		Release|x64 = Release|x64
		Release|x86 = Release|x86
	EndGlobalSection
	GlobalSection(SolutionProperties) = preSolution
		HideSolutionNode = FALSE
	EndGlobalSection
	GlobalSection(ProjectConfigurationPlatforms) = postSolution
		{D50905AC-9887-43D7-BA34-0330106B3874}.Debug|Any CPU.ActiveCfg = Debug|Any CPU
		{D50905AC-9887-43D7-BA34-0330106B3874}.Debug|Any CPU.Build.0 = Debug|Any CPU
		{D50905AC-9887-43D7-BA34-0330106B3874}.Debug|x64.ActiveCfg = Debug|x64
		{D50905AC-9887-43D7-BA34-0330106B3874}.Debug|x64.Build.0 = Debug|x64
		{D50905AC-9887-43D7-BA34-0330106B3874}.Debug|x86.ActiveCfg = Debug|x86
		{D50905AC-9887-43D7-BA34-0330106B3874}.Debug|x86.Build.0 = Debug|x86
		{D50905AC-9887-43D7-BA34-0330106B3874}.Release|Any CPU.ActiveCfg = Release|Any CPU
		{D50905AC-9887-43D7-BA34-0330106B3874}.Release|Any CPU.Build.0 = Release|Any CPU
		{D50905AC-9887-43D7-BA34-0330106B3874}.Release|x64.ActiveCfg = Release|x64
		{D50905AC-9887-43D7-BA34-0330106B3874}.Release|x64.Build.0 = Release|x64
		{D50905AC-9887-43D7-BA34-0330106B3874}.Release|x86.ActiveCfg = Release|x86
		{D50905AC-9887-43D7-BA34-0330106B3874}.Release|x86.Build.0 = Release|x86
		{9C19D668-0B75-4C0A-911A-A601CCCD7FA8}.Debug|Any CPU.ActiveCfg = Debug|Any CPU
		{9C19D668-0B75-4C0A-911A-A601CCCD7FA8}.Debug|Any CPU.Build.0 = Debug|Any CPU
		{9C19D668-0B75-4C0A-911A-A601CCCD7FA8}.Debug|x64.ActiveCfg = Debug|x64
		{9C19D668-0B75-4C0A-911A-A601CCCD7FA8}.Debug|x64.Build.0 = Debug|x64
		{9C19D668-0B75-4C0A-911A-A601CCCD7FA8}.Debug|x86.ActiveCfg = Debug|x86
		{9C19D668-0B75-4C0A-911A-A601CCCD7FA8}.Debug|x86.Build.0 = Debug|x86
		{9C19D668-0B75-4C0A-911A-A601CCCD7FA8}.Release|Any CPU.ActiveCfg = Release|Any CPU
		{9C19D668-0B75-4C0A-911A-A601CCCD7FA8}.Release|Any CPU.Build.0 = Release|Any CPU
		{9C19D668-0B75-4C0A-911A-A601CCCD7FA8}.Release|x64.ActiveCfg = Release|x64
		{9C19D668-0B75-4C0A-911A-A601CCCD7FA8}.Release|x64.Build.0 = Release|x64
		{9C19D668-0B75-4C0A-911A-A601CCCD7FA8}.Release|x86.ActiveCfg = Release|x86
		{9C19D668-0B75-4C0A-911A-A601CCCD7FA8}.Release|x86.Build.0 = Release|x86
		{3FFEC124-0A7C-4844-A121-F42B03BBA54F}.Debug|Any CPU.ActiveCfg = Debug|Any CPU
		{3FFEC124-0A7C-4844-A121-F42B03BBA54F}.Debug|Any CPU.Build.0 = Debug|Any CPU
		{3FFEC124-0A7C-4844-A121-F42B03BBA54F}.Debug|x64.ActiveCfg = Debug|x64
		{3FFEC124-0A7C-4844-A121-F42B03BBA54F}.Debug|x64.Build.0 = Debug|x64
		{3FFEC124-0A7C-4844-A121-F42B03BBA54F}.Debug|x86.ActiveCfg = Debug|x86
		{3FFEC124-0A7C-4844-A121-F42B03BBA54F}.Debug|x86.Build.0 = Debug|x86
		{3FFEC124-0A7C-4844-A121-F42B03BBA54F}.Release|Any CPU.ActiveCfg = Release|Any CPU
		{3FFEC124-0A7C-4844-A121-F42B03BBA54F}.Release|Any CPU.Build.0 = Release|Any CPU
		{3FFEC124-0A7C-4844-A121-F42B03BBA54F}.Release|x64.ActiveCfg = Release|x64
		{3FFEC124-0A7C-4844-A121-F42B03BBA54F}.Release|x64.Build.0 = Release|x64
		{3FFEC124-0A7C-4844-A121-F42B03BBA54F}.Release|x86.ActiveCfg = Release|x86
		{3FFEC124-0A7C-4844-A121-F42B03BBA54F}.Release|x86.Build.0 = Release|x86
		{D168E46C-17CA-4E6D-98E6-E96E9896405E}.Debug|Any CPU.ActiveCfg = Debug|Any CPU
		{D168E46C-17CA-4E6D-98E6-E96E9896405E}.Debug|Any CPU.Build.0 = Debug|Any CPU
		{D168E46C-17CA-4E6D-98E6-E96E9896405E}.Debug|x64.ActiveCfg = Debug|x64
		{D168E46C-17CA-4E6D-98E6-E96E9896405E}.Debug|x64.Build.0 = Debug|x64
		{D168E46C-17CA-4E6D-98E6-E96E9896405E}.Debug|x86.ActiveCfg = Debug|x86
		{D168E46C-17CA-4E6D-98E6-E96E9896405E}.Debug|x86.Build.0 = Debug|x86
		{D168E46C-17CA-4E6D-98E6-E96E9896405E}.Release|Any CPU.ActiveCfg = Release|Any CPU
		{D168E46C-17CA-4E6D-98E6-E96E9896405E}.Release|Any CPU.Build.0 = Release|Any CPU
		{D168E46C-17CA-4E6D-98E6-E96E9896405E}.Release|x64.ActiveCfg = Release|x64
		{D168E46C-17CA-4E6D-98E6-E96E9896405E}.Release|x64.Build.0 = Release|x64
		{D168E46C-17CA-4E6D-98E6-E96E9896405E}.Release|x86.ActiveCfg = Release|x86
		{D168E46C-17CA-4E6D-98E6-E96E9896405E}.Release|x86.Build.0 = Release|x86
	EndGlobalSection
EndGlobal
